
Microsoft Visual Studio Solution File, Format Version 12.00
# Visual Studio Version 17
VisualStudioVersion = 17.3.32804.467
MinimumVisualStudioVersion = 10.0.40219.1
Project("{FAE04EC0-301F-11D3-BF4B-00C04F79EFBC}") = "Project1", "Project1\Project1.csproj", "{15EB44EB-363C-4B74-8631-3ACEBAB82467}"
EndProject
Global
	GlobalSection(SolutionConfigurationPlatforms) = preSolution
		Debug|Any CPU = Debug|Any CPU
		Release|Any CPU = Release|Any CPU
	EndGlobalSection
	GlobalSection(ProjectConfigurationPlatforms) = postSolution
		{15EB44EB-363C-4B74-8631-3ACEBAB82467}.Debug|Any CPU.ActiveCfg = Debug|Any CPU
		{15EB44EB-363C-4B74-8631-3ACEBAB82467}.Debug|Any CPU.Build.0 = Debug|Any CPU
		{15EB44EB-363C-4B74-8631-3ACEBAB82467}.Release|Any CPU.ActiveCfg = Release|Any CPU
		{15EB44EB-363C-4B74-8631-3ACEBAB82467}.Release|Any CPU.Build.0 = Release|Any CPU
	EndGlobalSection
	GlobalSection(SolutionProperties) = preSolution
		HideSolutionNode = FALSE
	EndGlobalSection
	GlobalSection(ExtensibilityGlobals) = postSolution
		SolutionGuid = {4EFFE123-362A-4AA5-AF9B-7F53312F4DDB}
	EndGlobalSection
EndGlobal
